{
  "version": 4,
  "terraform_version": "1.14.0",
  "serial": 5,
  "lineage": "d62ffd4e-1b62-c946-13a1-d6aeed462a52",
  "outputs": {},
  "resources": [
    {
      "mode": "managed",
      "type": "local_file",
      "name": "my_file",
      "provider": "provider[\"registry.terraform.io/hashicorp/local\"]",
      "instances": [
        {
          "schema_version": 0,
          "attributes": {
            "content": "This is hello from the automated script created using terraform",
            "content_base64": null,
            "content_base64sha256": "JwB2L/0z4rba0MRbx12T19A42wWU33qLlHrHY+7ncks=",
            "content_base64sha512": "ez2wyURzztdz3Ih8vYor/We8ifGdV3fdJIbLmGP70f510WeKmZG0pqBONAoxCz23B0NK82Egvaqt09V/ng90ig==",
            "content_md5": "506ac601ed1304060fa90954caad9dd7",
            "content_sha1": "1b0d66d7ffe8482d93fd937a9e7cf601d9b4510b",
            "content_sha256": "2700762ffd33e2b6dad0c45bc75d93d7d038db0594df7a8b947ac763eee7724b",
            "content_sha512": "7b3db0c94473ced773dc887cbd8a2bfd67bc89f19d5777dd2486cb9863fbd1fe75d1678a9991b4a6a04e340a310b3db707434af36120bdaaadd3d57f9e0f748a",
            "directory_permission": "0777",
            "file_permission": "0777",
            "filename": "automate.txt",
            "id": "1b0d66d7ffe8482d93fd937a9e7cf601d9b4510b",
            "sensitive_content": null,
            "source": null
          },
          "sensitive_attributes": [
            [
              {
                "type": "get_attr",
                "value": "sensitive_content"
              }
            ]
          ],
          "identity_schema_version": 0
        }
      ]
    }
  ],
  "check_results": null
}
